GEM
  remote: https://rubygems.org/
  specs:
    csv (3.3.5)
    drb (2.2.3)
    erb (6.0.4)
    logger (1.7.0)
    minitest (6.0.6)
      drb (~> 2.0)
      prism (~> 1.5)
    prism (1.9.0)
    rake (13.4.2)
    rbs (4.0.3)
      logger
      prism (>= 1.6.0)
      tsort
    rdoc (8.0.0)
      erb
      prism (>= 1.6.0)
      rbs (>= 4.0.0)
      tsort
    tsort (0.2.0)

PLATFORMS
  arm64-darwin-24
  ruby

DEPENDENCIES
  csv
  minitest
  rake
  rdoc

RUBY VERSION
   ruby 3.4.1p0

BUNDLED WITH
   2.7.2
